
Microsoft Visual Studio Solution File, Format Version 12.00
# Visual Studio Version 17
VisualStudioVersion = 17.7.34031.279
MinimumVisualStudioVersion = 10.0.40219.1
Project("{FAE04EC0-301F-11D3-BF4B-00C04F79EFBC}") = "GitHab", "GitHab\GitHab.csproj", "{4D5EF9D3-6F6E-4558-B329-20FC3DEB072F}"
EndProject
Global
	GlobalSection(SolutionConfigurationPlatforms) = preSolution
		Debug|Any CPU = Debug|Any CPU
		Release|Any CPU = Release|Any CPU
	EndGlobalSection
	GlobalSection(ProjectConfigurationPlatforms) = postSolution
		{4D5EF9D3-6F6E-4558-B329-20FC3DEB072F}.Debug|Any CPU.ActiveCfg = Debug|Any CPU
		{4D5EF9D3-6F6E-4558-B329-20FC3DEB072F}.Debug|Any CPU.Build.0 = Debug|Any CPU
		{4D5EF9D3-6F6E-4558-B329-20FC3DEB072F}.Release|Any CPU.ActiveCfg = Release|Any CPU
		{4D5EF9D3-6F6E-4558-B329-20FC3DEB072F}.Release|Any CPU.Build.0 = Release|Any CPU
	EndGlobalSection
	GlobalSection(SolutionProperties) = preSolution
		HideSolutionNode = FALSE
	EndGlobalSection
	GlobalSection(ExtensibilityGlobals) = postSolution
		SolutionGuid = {B35BA6B8-3DB9-45F7-833A-384BBC2E0CC8}
	EndGlobalSection
EndGlobal
